
Microsoft Visual Studio Solution File, Format Version 12.00
# Visual Studio Version 16
VisualStudioVersion = 16.0.30804.86
MinimumVisualStudioVersion = 10.0.40219.1
Project("{FAE04EC0-301F-11D3-BF4B-00C04F79EFBC}") = "DataAccess", "DataAccess\DataAccess.csproj", "{4B5D6333-1B26-4B96-8157-D77312D0935F}"
EndProject
Project("{FAE04EC0-301F-11D3-BF4B-00C04F79EFBC}") = "Business", "Business\Business.csproj", "{177AA953-7B2A-4ED6-B290-212504FC6328}"
EndProject
Project("{FAE04EC0-301F-11D3-BF4B-00C04F79EFBC}") = "Entities", "Entities\Entities.csproj", "{99FF3BDE-DC50-472B-A47B-07D49DBD444B}"
EndProject
Project("{FAE04EC0-301F-11D3-BF4B-00C04F79EFBC}") = "ConsoleUI", "ConsoleUI\ConsoleUI.csproj", "{E5F190E8-C65E-4A2B-BB0D-36115BB5400B}"
EndProject
Global
	GlobalSection(SolutionConfigurationPlatforms) = preSolution
		Debug|Any CPU = Debug|Any CPU
		Release|Any CPU = Release|Any CPU
	EndGlobalSection
	GlobalSection(ProjectConfigurationPlatforms) = postSolution
		{4B5D6333-1B26-4B96-8157-D77312D0935F}.Debug|Any CPU.ActiveCfg = Debug|Any CPU
		{4B5D6333-1B26-4B96-8157-D77312D0935F}.Debug|Any CPU.Build.0 = Debug|Any CPU
		{4B5D6333-1B26-4B96-8157-D77312D0935F}.Release|Any CPU.ActiveCfg = Release|Any CPU
		{4B5D6333-1B26-4B96-8157-D77312D0935F}.Release|Any CPU.Build.0 = Release|Any CPU
		{177AA953-7B2A-4ED6-B290-212504FC6328}.Debug|Any CPU.ActiveCfg = Debug|Any CPU
		{177AA953-7B2A-4ED6-B290-212504FC6328}.Debug|Any CPU.Build.0 = Debug|Any CPU
		{177AA953-7B2A-4ED6-B290-212504FC6328}.Release|Any CPU.ActiveCfg = Release|Any CPU
		{177AA953-7B2A-4ED6-B290-212504FC6328}.Release|Any CPU.Build.0 = Release|Any CPU
		{99FF3BDE-DC50-472B-A47B-07D49DBD444B}.Debug|Any CPU.ActiveCfg = Debug|Any CPU
		{99FF3BDE-DC50-472B-A47B-07D49DBD444B}.Debug|Any CPU.Build.0 = Debug|Any CPU
		{99FF3BDE-DC50-472B-A47B-07D49DBD444B}.Release|Any CPU.ActiveCfg = Release|Any CPU
		{99FF3BDE-DC50-472B-A47B-07D49DBD444B}.Release|Any CPU.Build.0 = Release|Any CPU
		{E5F190E8-C65E-4A2B-BB0D-36115BB5400B}.Debug|Any CPU.ActiveCfg = Debug|Any CPU
		{E5F190E8-C65E-4A2B-BB0D-36115BB5400B}.Debug|Any CPU.Build.0 = Debug|Any CPU
		{E5F190E8-C65E-4A2B-BB0D-36115BB5400B}.Release|Any CPU.ActiveCfg = Release|Any CPU
		{E5F190E8-C65E-4A2B-BB0D-36115BB5400B}.Release|Any CPU.Build.0 = Release|Any CPU
	EndGlobalSection
	GlobalSection(SolutionProperties) = preSolution
		HideSolutionNode = FALSE
	EndGlobalSection
	GlobalSection(ExtensibilityGlobals) = postSolution
		SolutionGuid = {DF51140F-7567-4CB5-9348-0296C93CF971}
	EndGlobalSection
EndGlobal
